
Microsoft Visual Studio Solution File, Format Version 12.00
# Visual Studio Version 16
VisualStudioVersion = 16.0.31205.134
MinimumVisualStudioVersion = 10.0.40219.1
Project("{FAE04EC0-301F-11D3-BF4B-00C04F79EFBC}") = "Exporter_Net4", "Exporter_Net4\Exporter_Net4.csproj", "{A414A746-53EA-4E9C-BB77-6B0F32F1BDF7}"
EndProject
Global
	GlobalSection(SolutionConfigurationPlatforms) = preSolution
		Debug|Any CPU = Debug|Any CPU
		Release|Any CPU = Release|Any CPU
	EndGlobalSection
	GlobalSection(ProjectConfigurationPlatforms) = postSolution
		{A414A746-53EA-4E9C-BB77-6B0F32F1BDF7}.Debug|Any CPU.ActiveCfg = Debug|Any CPU
		{A414A746-53EA-4E9C-BB77-6B0F32F1BDF7}.Debug|Any CPU.Build.0 = Debug|Any CPU
		{A414A746-53EA-4E9C-BB77-6B0F32F1BDF7}.Release|Any CPU.ActiveCfg = Release|Any CPU
		{A414A746-53EA-4E9C-BB77-6B0F32F1BDF7}.Release|Any CPU.Build.0 = Release|Any CPU
	EndGlobalSection
	GlobalSection(SolutionProperties) = preSolution
		HideSolutionNode = FALSE
	EndGlobalSection
	GlobalSection(ExtensibilityGlobals) = postSolution
		SolutionGuid = {966E83E0-3AE1-4506-A78D-0E05AFD11E82}
	EndGlobalSection
EndGlobal
